
Microsoft Visual Studio Solution File, Format Version 12.00
# Visual Studio Version 17
VisualStudioVersion = 17.2.32602.215
MinimumVisualStudioVersion = 10.0.40219.1
Project("{FAE04EC0-301F-11D3-BF4B-00C04F79EFBC}") = "FirstMVCApp", "FirstMVCApp\FirstMVCApp.csproj", "{6EF40553-CB9A-498B-851F-31372AD47D76}"
EndProject
Global
	GlobalSection(SolutionConfigurationPlatforms) = preSolution
		Debug|Any CPU = Debug|Any CPU
		Release|Any CPU = Release|Any CPU
	EndGlobalSection
	GlobalSection(ProjectConfigurationPlatforms) = postSolution
		{6EF40553-CB9A-498B-851F-31372AD47D76}.Debug|Any CPU.ActiveCfg = Debug|Any CPU
		{6EF40553-CB9A-498B-851F-31372AD47D76}.Debug|Any CPU.Build.0 = Debug|Any CPU
		{6EF40553-CB9A-498B-851F-31372AD47D76}.Release|Any CPU.ActiveCfg = Release|Any CPU
		{6EF40553-CB9A-498B-851F-31372AD47D76}.Release|Any CPU.Build.0 = Release|Any CPU
	EndGlobalSection
	GlobalSection(SolutionProperties) = preSolution
		HideSolutionNode = FALSE
	EndGlobalSection
	GlobalSection(ExtensibilityGlobals) = postSolution
		SolutionGuid = {07C65B3A-ADC5-4913-9B58-AA28A3F87DB7}
	EndGlobalSection
EndGlobal
